{
  "name": "nexart-cage-integration",
  "version": "0.1.0",
  "lockfileVersion": 3,
  "requires": true,
  "packages": {
    "": {
      "name": "nexart-cage-integration",
      "version": "0.1.0",
      "dependencies": {
        "@nexart/governed-execution": "0.3.0"
      },
      "engines": {
        "node": ">=20"
      }
    },
    "node_modules/@nexart/governed-execution": {
      "version": "0.3.0",
      "resolved": "https://registry.npmjs.org/@nexart/governed-execution/-/governed-execution-0.3.0.tgz",
      "integrity": "sha512-yKokc2VrkDpRMTO8ScqYV6QVzJHdduR9qpS98XSOV4v0W+X3RA+rppPi0+/E0LNe5v3KaiApSm0FqMUAL7KmmA==",
      "license": "MIT"
    }
  }
}
