{
  "name": "nexart-cage-integration",
  "version": "0.1.0",
  "lockfileVersion": 3,
  "requires": true,
  "packages": {
    "": {
      "name": "nexart-cage-integration",
      "version": "0.1.0",
      "dependencies": {
        "@nexart/governed-execution": "0.4.1"
      },
      "engines": {
        "node": ">=20"
      }
    },
    "node_modules/@nexart/governed-execution": {
      "version": "0.4.1",
      "resolved": "https://registry.npmjs.org/@nexart/governed-execution/-/governed-execution-0.4.1.tgz",
      "integrity": "sha512-PoyJfNDkoTqV+Wkk2VHq6LSPg+wc7cg8MU2uJAHRiMkqiad+Oi6PjqBPVpVIy3HdSu6nS5YL2B13i9IyslbMvw==",
      "license": "MIT"
    }
  }
}
