{
  "name": "nexart-cage-integration",
  "version": "0.1.0",
  "lockfileVersion": 3,
  "requires": true,
  "packages": {
    "": {
      "name": "nexart-cage-integration",
      "version": "0.1.0",
      "dependencies": {
        "@nexart/governed-execution": "0.4.0"
      },
      "engines": {
        "node": ">=20"
      }
    },
    "node_modules/@nexart/governed-execution": {
      "version": "0.4.0",
      "resolved": "https://registry.npmjs.org/@nexart/governed-execution/-/governed-execution-0.4.0.tgz",
      "integrity": "sha512-7QuLbypr8GtvNOInrZ8YxTYjxyuoPPBzX2zr2s9JbA2+Th4SVsO5bV+aBp3kcbdUFWr71/seNbwrn1Wh8Mt/vw==",
      "license": "MIT"
    }
  }
}
